
Microsoft Visual Studio Solution File, Format Version 12.00
# Visual Studio Version 17
VisualStudioVersion = 17.12.35707.178
MinimumVisualStudioVersion = 10.0.40219.1
Project("{FAE04EC0-301F-11D3-BF4B-00C04F79EFBC}") = "HMIS.API", "HMIS\HMIS.API.csproj", "{66F2EA33-BA05-47DF-B4CA-E5A3E6573FD6}"
EndProject
Project("{FAE04EC0-301F-11D3-BF4B-00C04F79EFBC}") = "HMIS.Application", "HMIS.Application\HMIS.Application.csproj", "{0DACA844-AA26-4A83-A066-B1F22FB16827}"
EndProject
Project("{FAE04EC0-301F-11D3-BF4B-00C04F79EFBC}") = "HMIS.Domain", "HMIS.Domain\HMIS.Domain.csproj", "{887A7B71-6979-4B6A-A25B-FACFB9198143}"
EndProject
Project("{FAE04EC0-301F-11D3-BF4B-00C04F79EFBC}") = "HMIS.Infrastructure", "HMIS.Infrastructure\HMIS.Infrastructure.csproj", "{EECF1711-BA95-4308-B358-92F884AE7C85}"
EndProject
Project("{FAE04EC0-301F-11D3-BF4B-00C04F79EFBC}") = "HMIS.Persistence", "HMIS.Persistence\HMIS.Persistence.csproj", "{97E6D9E6-CA6A-47B9-BA24-73A037FD8D7E}"
EndProject
Global
	GlobalSection(SolutionConfigurationPlatforms) = preSolution
		Debug|Any CPU = Debug|Any CPU
		Release|Any CPU = Release|Any CPU
	EndGlobalSection
	GlobalSection(ProjectConfigurationPlatforms) = postSolution
		{66F2EA33-BA05-47DF-B4CA-E5A3E6573FD6}.Debug|Any CPU.ActiveCfg = Debug|Any CPU
		{66F2EA33-BA05-47DF-B4CA-E5A3E6573FD6}.Debug|Any CPU.Build.0 = Debug|Any CPU
		{66F2EA33-BA05-47DF-B4CA-E5A3E6573FD6}.Release|Any CPU.ActiveCfg = Release|Any CPU
		{66F2EA33-BA05-47DF-B4CA-E5A3E6573FD6}.Release|Any CPU.Build.0 = Release|Any CPU
		{0DACA844-AA26-4A83-A066-B1F22FB16827}.Debug|Any CPU.ActiveCfg = Debug|Any CPU
		{0DACA844-AA26-4A83-A066-B1F22FB16827}.Debug|Any CPU.Build.0 = Debug|Any CPU
		{0DACA844-AA26-4A83-A066-B1F22FB16827}.Release|Any CPU.ActiveCfg = Release|Any CPU
		{0DACA844-AA26-4A83-A066-B1F22FB16827}.Release|Any CPU.Build.0 = Release|Any CPU
		{887A7B71-6979-4B6A-A25B-FACFB9198143}.Debug|Any CPU.ActiveCfg = Debug|Any CPU
		{887A7B71-6979-4B6A-A25B-FACFB9198143}.Debug|Any CPU.Build.0 = Debug|Any CPU
		{887A7B71-6979-4B6A-A25B-FACFB9198143}.Release|Any CPU.ActiveCfg = Release|Any CPU
		{887A7B71-6979-4B6A-A25B-FACFB9198143}.Release|Any CPU.Build.0 = Release|Any CPU
		{EECF1711-BA95-4308-B358-92F884AE7C85}.Debug|Any CPU.ActiveCfg = Debug|Any CPU
		{EECF1711-BA95-4308-B358-92F884AE7C85}.Debug|Any CPU.Build.0 = Debug|Any CPU
		{EECF1711-BA95-4308-B358-92F884AE7C85}.Release|Any CPU.ActiveCfg = Release|Any CPU
		{EECF1711-BA95-4308-B358-92F884AE7C85}.Release|Any CPU.Build.0 = Release|Any CPU
		{97E6D9E6-CA6A-47B9-BA24-73A037FD8D7E}.Debug|Any CPU.ActiveCfg = Debug|Any CPU
		{97E6D9E6-CA6A-47B9-BA24-73A037FD8D7E}.Debug|Any CPU.Build.0 = Debug|Any CPU
		{97E6D9E6-CA6A-47B9-BA24-73A037FD8D7E}.Release|Any CPU.ActiveCfg = Release|Any CPU
		{97E6D9E6-CA6A-47B9-BA24-73A037FD8D7E}.Release|Any CPU.Build.0 = Release|Any CPU
	EndGlobalSection
	GlobalSection(SolutionProperties) = preSolution
		HideSolutionNode = FALSE
	EndGlobalSection
EndGlobal
